
Microsoft Visual Studio Solution File, Format Version 12.00
# Visual Studio Version 17
VisualStudioVersion = 17.3.32901.215
MinimumVisualStudioVersion = 10.0.40219.1
Project("{9A19103F-16F7-4668-BE54-9A1E7A4F7556}") = "ZooAbis", "ZooAbis.csproj", "{62C0B718-78B3-4BC9-9EF0-AD7B72C145EE}"
EndProject
Global
	GlobalSection(SolutionConfigurationPlatforms) = preSolution
		Debug|Any CPU = Debug|Any CPU
		Release|Any CPU = Release|Any CPU
	EndGlobalSection
	GlobalSection(ProjectConfigurationPlatforms) = postSolution
		{62C0B718-78B3-4BC9-9EF0-AD7B72C145EE}.Debug|Any CPU.ActiveCfg = Debug|Any CPU
		{62C0B718-78B3-4BC9-9EF0-AD7B72C145EE}.Debug|Any CPU.Build.0 = Debug|Any CPU
		{62C0B718-78B3-4BC9-9EF0-AD7B72C145EE}.Release|Any CPU.ActiveCfg = Release|Any CPU
		{62C0B718-78B3-4BC9-9EF0-AD7B72C145EE}.Release|Any CPU.Build.0 = Release|Any CPU
	EndGlobalSection
	GlobalSection(SolutionProperties) = preSolution
		HideSolutionNode = FALSE
	EndGlobalSection
	GlobalSection(ExtensibilityGlobals) = postSolution
		SolutionGuid = {18C0244E-E9E2-44A7-9E30-C57E7075B0B3}
	EndGlobalSection
EndGlobal
